{
  "name": "sldprt-converter",
  "version": "0.3.3",
  "lockfileVersion": 3,
  "requires": true,
  "packages": {
    "": {
      "name": "sldprt-converter",
      "version": "0.3.3",
      "license": "MIT",
      "dependencies": {
        "earcut": "^3.0.2"
      },
      "bin": {
        "sldprt-convert": "src/sldprt-cli.js",
        "sldprt-validate": "src/validate.js"
      }
    },
    "node_modules/earcut": {
      "version": "3.0.2",
      "resolved": "https://registry.npmjs.org/earcut/-/earcut-3.0.2.tgz",
      "integrity": "sha512-X7hshQbLyMJ/3RPhyObLARM2sNxxmRALLKx1+NVFFnQ9gKzmCrxm9+uLIAdBcvc8FNLpctqlQ2V6AE92Ol9UDQ==",
      "license": "ISC"
    }
  }
}
